
Microsoft Visual Studio Solution File, Format Version 12.00
# Visual Studio 15
VisualStudioVersion = 15.0.28307.572
MinimumVisualStudioVersion = 10.0.40219.1
Project("{FAE04EC0-301F-11D3-BF4B-00C04F79EFBC}") = "Cassandra2", "Cassandra2\Cassandra2.csproj", "{799FBB4B-643C-41C6-BF32-3CF9DE323E40}"
EndProject
Global
	GlobalSection(SolutionConfigurationPlatforms) = preSolution
		Debug|Any CPU = Debug|Any CPU
		Release|Any CPU = Release|Any CPU
	EndGlobalSection
	GlobalSection(ProjectConfigurationPlatforms) = postSolution
		{799FBB4B-643C-41C6-BF32-3CF9DE323E40}.Debug|Any CPU.ActiveCfg = Debug|Any CPU
		{799FBB4B-643C-41C6-BF32-3CF9DE323E40}.Debug|Any CPU.Build.0 = Debug|Any CPU
		{799FBB4B-643C-41C6-BF32-3CF9DE323E40}.Release|Any CPU.ActiveCfg = Release|Any CPU
		{799FBB4B-643C-41C6-BF32-3CF9DE323E40}.Release|Any CPU.Build.0 = Release|Any CPU
	EndGlobalSection
	GlobalSection(SolutionProperties) = preSolution
		HideSolutionNode = FALSE
	EndGlobalSection
	GlobalSection(ExtensibilityGlobals) = postSolution
		SolutionGuid = {27A4E4CB-62C5-426D-A94F-DC8D4972AE95}
	EndGlobalSection
EndGlobal
